Microsoft Visual Studio Solution File, Format Version 12.00
# Visual Studio 15
VisualStudioVersion = 15.0.26730.12
MinimumVisualStudioVersion = 10.0.40219.1
Project("{9A19103F-16F7-4668-BE54-9A1E7A4F7556}") = "Api", "src\Api\Api.csproj", "{9D74DFD6-748D-47B8-8C30-2C8300507171}"
EndProject
Project("{9A19103F-16F7-4668-BE54-9A1E7A4F7556}") = "Api.Document", "src\Api.Document\Api.Document.csproj", "{F44898EB-DC33-460F-94FD-952FBCC42037}"
EndProject
Project("{9A19103F-16F7-4668-BE54-9A1E7A4F7556}") = "Api.Proxy", "src\Api.Proxy\Api.Proxy.csproj", "{9BC2FE51-855F-415D-AD5D-D2B9A55E425E}"
EndProject
Project("{9A19103F-16F7-4668-BE54-9A1E7A4F7556}") = "Geolocation", "src\Geolocation\Geolocation.csproj", "{B7D366A8-9792-422A-9F91-CE507055DDF2}"
EndProject
Project("{9A19103F-16F7-4668-BE54-9A1E7A4F7556}") = "Nin", "src\Nin\Nin.csproj", "{EDE95EAF-0CF5-4972-9DC0-1E04B5C886AB}"
EndProject
Project("{9A19103F-16F7-4668-BE54-9A1E7A4F7556}") = "Console", "src\Console\Console.csproj", "{B139986B-DADB-4FE5-928F-3D1FE175E7BA}"
EndProject
Project("{9A19103F-16F7-4668-BE54-9A1E7A4F7556}") = "Engine", "src\Engine\Engine.csproj", "{C698B050-2FB3-41F9-8E85-EC9AFFEFCC77}"
EndProject
Project("{9A19103F-16F7-4668-BE54-9A1E7A4F7556}") = "Dashboard", "src\Dashboard\Dashboard.csproj", "{1372D71A-2508-4208-8B80-10CE1A1BFB8C}"
EndProject
Project("{9A19103F-16F7-4668-BE54-9A1E7A4F7556}") = "Test.Integration", "test\Test.Integration\Test.Integration.csproj", "{2527684F-D37D-458C-8BAB-0E14ABA6581E}"
EndProject
Project("{9A19103F-16F7-4668-BE54-9A1E7A4F7556}") = "Test.Smoke", "test\Test.Smoke\Test.Smoke.csproj", "{990718DA-33D5-4BEA-8566-E90E558DCBC7}"
EndProject
Project("{9A19103F-16F7-4668-BE54-9A1E7A4F7556}") = "Test.Unit", "test\Test.Unit\Test.Unit.csproj", "{5522B99A-0137-4FB6-9529-03D4A5F7F9CA}"
EndProject
Global
	GlobalSection(SolutionConfigurationPlatforms) = preSolution
		Debug|Any CPU = Debug|Any CPU
		Debug|x64 = Debug|x64
		Debug|x86 = Debug|x86
		Release|Any CPU = Release|Any CPU
		Release|x64 = Release|x64
		Release|x86 = Release|x86
	EndGlobalSection
	GlobalSection(ProjectConfigurationPlatforms) = postSolution
		{9D74DFD6-748D-47B8-8C30-2C8300507171}.Debug|Any CPU.ActiveCfg = Debug|Any CPU
		{9D74DFD6-748D-47B8-8C30-2C8300507171}.Debug|Any CPU.Build.0 = Debug|Any CPU
		{9D74DFD6-748D-47B8-8C30-2C8300507171}.Debug|x64.ActiveCfg = Debug|Any CPU
		{9D74DFD6-748D-47B8-8C30-2C8300507171}.Debug|x64.Build.0 = Debug|Any CPU
		{9D74DFD6-748D-47B8-8C30-2C8300507171}.Debug|x86.ActiveCfg = Debug|Any CPU
		{9D74DFD6-748D-47B8-8C30-2C8300507171}.Debug|x86.Build.0 = Debug|Any CPU
		{9D74DFD6-748D-47B8-8C30-2C8300507171}.Release|Any CPU.ActiveCfg = Release|Any CPU
		{9D74DFD6-748D-47B8-8C30-2C8300507171}.Release|Any CPU.Build.0 = Release|Any CPU
		{9D74DFD6-748D-47B8-8C30-2C8300507171}.Release|x64.ActiveCfg = Release|Any CPU
		{9D74DFD6-748D-47B8-8C30-2C8300507171}.Release|x64.Build.0 = Release|Any CPU
		{9D74DFD6-748D-47B8-8C30-2C8300507171}.Release|x86.ActiveCfg = Release|Any CPU
		{9D74DFD6-748D-47B8-8C30-2C8300507171}.Release|x86.Build.0 = Release|Any CPU
		{F44898EB-DC33-460F-94FD-952FBCC42037}.Debug|Any CPU.ActiveCfg = Debug|Any CPU
		{F44898EB-DC33-460F-94FD-952FBCC42037}.Debug|Any CPU.Build.0 = Debug|Any CPU
		{F44898EB-DC33-460F-94FD-952FBCC42037}.Debug|x64.ActiveCfg = Debug|Any CPU
		{F44898EB-DC33-460F-94FD-952FBCC42037}.Debug|x64.Build.0 = Debug|Any CPU
		{F44898EB-DC33-460F-94FD-952FBCC42037}.Debug|x86.ActiveCfg = Debug|Any CPU
		{F44898EB-DC33-460F-94FD-952FBCC42037}.Debug|x86.Build.0 = Debug|Any CPU
		{F44898EB-DC33-460F-94FD-952FBCC42037}.Release|Any CPU.ActiveCfg = Release|Any CPU
		{F44898EB-DC33-460F-94FD-952FBCC42037}.Release|Any CPU.Build.0 = Release|Any CPU
		{F44898EB-DC33-460F-94FD-952FBCC42037}.Release|x64.ActiveCfg = Release|Any CPU
		{F44898EB-DC33-460F-94FD-952FBCC42037}.Release|x64.Build.0 = Release|Any CPU
		{F44898EB-DC33-460F-94FD-952FBCC42037}.Release|x86.ActiveCfg = Release|Any CPU
		{F44898EB-DC33-460F-94FD-952FBCC42037}.Release|x86.Build.0 = Release|Any CPU
		{9BC2FE51-855F-415D-AD5D-D2B9A55E425E}.Debug|Any CPU.ActiveCfg = Debug|Any CPU
		{9BC2FE51-855F-415D-AD5D-D2B9A55E425E}.Debug|Any CPU.Build.0 = Debug|Any CPU
		{9BC2FE51-855F-415D-AD5D-D2B9A55E425E}.Debug|x64.ActiveCfg = Debug|Any CPU
		{9BC2FE51-855F-415D-AD5D-D2B9A55E425E}.Debug|x64.Build.0 = Debug|Any CPU
		{9BC2FE51-855F-415D-AD5D-D2B9A55E425E}.Debug|x86.ActiveCfg = Debug|Any CPU
		{9BC2FE51-855F-415D-AD5D-D2B9A55E425E}.Debug|x86.Build.0 = Debug|Any CPU
		{9BC2FE51-855F-415D-AD5D-D2B9A55E425E}.Release|Any CPU.ActiveCfg = Release|Any CPU
		{9BC2FE51-855F-415D-AD5D-D2B9A55E425E}.Release|Any CPU.Build.0 = Release|Any CPU
		{9BC2FE51-855F-415D-AD5D-D2B9A55E425E}.Release|x64.ActiveCfg = Release|Any CPU
		{9BC2FE51-855F-415D-AD5D-D2B9A55E425E}.Release|x64.Build.0 = Release|Any CPU
		{9BC2FE51-855F-415D-AD5D-D2B9A55E425E}.Release|x86.ActiveCfg = Release|Any CPU
		{9BC2FE51-855F-415D-AD5D-D2B9A55E425E}.Release|x86.Build.0 = Release|Any CPU
		{B7D366A8-9792-422A-9F91-CE507055DDF2}.Debug|Any CPU.ActiveCfg = Debug|Any CPU
		{B7D366A8-9792-422A-9F91-CE507055DDF2}.Debug|Any CPU.Build.0 = Debug|Any CPU
		{B7D366A8-9792-422A-9F91-CE507055DDF2}.Debug|x64.ActiveCfg = Debug|Any CPU
		{B7D366A8-9792-422A-9F91-CE507055DDF2}.Debug|x64.Build.0 = Debug|Any CPU
		{B7D366A8-9792-422A-9F91-CE507055DDF2}.Debug|x86.ActiveCfg = Debug|Any CPU
		{B7D366A8-9792-422A-9F91-CE507055DDF2}.Debug|x86.Build.0 = Debug|Any CPU
		{B7D366A8-9792-422A-9F91-CE507055DDF2}.Release|Any CPU.ActiveCfg = Release|Any CPU
		{B7D366A8-9792-422A-9F91-CE507055DDF2}.Release|Any CPU.Build.0 = Release|Any CPU
		{B7D366A8-9792-422A-9F91-CE507055DDF2}.Release|x64.ActiveCfg = Release|Any CPU
		{B7D366A8-9792-422A-9F91-CE507055DDF2}.Release|x64.Build.0 = Release|Any CPU
		{B7D366A8-9792-422A-9F91-CE507055DDF2}.Release|x86.ActiveCfg = Release|Any CPU
		{B7D366A8-9792-422A-9F91-CE507055DDF2}.Release|x86.Build.0 = Release|Any CPU
		{EDE95EAF-0CF5-4972-9DC0-1E04B5C886AB}.Debug|Any CPU.ActiveCfg = Debug|Any CPU
		{EDE95EAF-0CF5-4972-9DC0-1E04B5C886AB}.Debug|Any CPU.Build.0 = Debug|Any CPU
		{EDE95EAF-0CF5-4972-9DC0-1E04B5C886AB}.Debug|x64.ActiveCfg = Debug|Any CPU
		{EDE95EAF-0CF5-4972-9DC0-1E04B5C886AB}.Debug|x64.Build.0 = Debug|Any CPU
		{EDE95EAF-0CF5-4972-9DC0-1E04B5C886AB}.Debug|x86.ActiveCfg = Debug|Any CPU
		{EDE95EAF-0CF5-4972-9DC0-1E04B5C886AB}.Debug|x86.Build.0 = Debug|Any CPU
		{EDE95EAF-0CF5-4972-9DC0-1E04B5C886AB}.Release|Any CPU.ActiveCfg = Release|Any CPU
		{EDE95EAF-0CF5-4972-9DC0-1E04B5C886AB}.Release|Any CPU.Build.0 = Release|Any CPU
		{EDE95EAF-0CF5-4972-9DC0-1E04B5C886AB}.Release|x64.ActiveCfg = Release|Any CPU
		{EDE95EAF-0CF5-4972-9DC0-1E04B5C886AB}.Release|x64.Build.0 = Release|Any CPU
		{EDE95EAF-0CF5-4972-9DC0-1E04B5C886AB}.Release|x86.ActiveCfg = Release|Any CPU
		{EDE95EAF-0CF5-4972-9DC0-1E04B5C886AB}.Release|x86.Build.0 = Release|Any CPU
		{B139986B-DADB-4FE5-928F-3D1FE175E7BA}.Debug|Any CPU.ActiveCfg = Debug|Any CPU
		{B139986B-DADB-4FE5-928F-3D1FE175E7BA}.Debug|Any CPU.Build.0 = Debug|Any CPU
		{B139986B-DADB-4FE5-928F-3D1FE175E7BA}.Debug|x64.ActiveCfg = Debug|Any CPU
		{B139986B-DADB-4FE5-928F-3D1FE175E7BA}.Debug|x64.Build.0 = Debug|Any CPU
		{B139986B-DADB-4FE5-928F-3D1FE175E7BA}.Debug|x86.ActiveCfg = Debug|Any CPU
		{B139986B-DADB-4FE5-928F-3D1FE175E7BA}.Debug|x86.Build.0 = Debug|Any CPU
		{B139986B-DADB-4FE5-928F-3D1FE175E7BA}.Release|Any CPU.ActiveCfg = Release|Any CPU
		{B139986B-DADB-4FE5-928F-3D1FE175E7BA}.Release|Any CPU.Build.0 = Release|Any CPU
		{B139986B-DADB-4FE5-928F-3D1FE175E7BA}.Release|x64.ActiveCfg = Release|Any CPU
		{B139986B-DADB-4FE5-928F-3D1FE175E7BA}.Release|x64.Build.0 = Release|Any CPU
		{B139986B-DADB-4FE5-928F-3D1FE175E7BA}.Release|x86.ActiveCfg = Release|Any CPU
		{B139986B-DADB-4FE5-928F-3D1FE175E7BA}.Release|x86.Build.0 = Release|Any CPU
		{C698B050-2FB3-41F9-8E85-EC9AFFEFCC77}.Debug|Any CPU.ActiveCfg = Debug|Any CPU
		{C698B050-2FB3-41F9-8E85-EC9AFFEFCC77}.Debug|Any CPU.Build.0 = Debug|Any CPU
		{C698B050-2FB3-41F9-8E85-EC9AFFEFCC77}.Debug|x64.ActiveCfg = Debug|Any CPU
		{C698B050-2FB3-41F9-8E85-EC9AFFEFCC77}.Debug|x64.Build.0 = Debug|Any CPU
		{C698B050-2FB3-41F9-8E85-EC9AFFEFCC77}.Debug|x86.ActiveCfg = Debug|Any CPU
		{C698B050-2FB3-41F9-8E85-EC9AFFEFCC77}.Debug|x86.Build.0 = Debug|Any CPU
		{C698B050-2FB3-41F9-8E85-EC9AFFEFCC77}.Release|Any CPU.ActiveCfg = Release|Any CPU
		{C698B050-2FB3-41F9-8E85-EC9AFFEFCC77}.Release|Any CPU.Build.0 = Release|Any CPU
		{C698B050-2FB3-41F9-8E85-EC9AFFEFCC77}.Release|x64.ActiveCfg = Release|Any CPU
		{C698B050-2FB3-41F9-8E85-EC9AFFEFCC77}.Release|x64.Build.0 = Release|Any CPU
		{C698B050-2FB3-41F9-8E85-EC9AFFEFCC77}.Release|x86.ActiveCfg = Release|Any CPU
		{C698B050-2FB3-41F9-8E85-EC9AFFEFCC77}.Release|x86.Build.0 = Release|Any CPU
		{1372D71A-2508-4208-8B80-10CE1A1BFB8C}.Debug|Any CPU.ActiveCfg = Debug|Any CPU
		{1372D71A-2508-4208-8B80-10CE1A1BFB8C}.Debug|Any CPU.Build.0 = Debug|Any CPU
		{1372D71A-2508-4208-8B80-10CE1A1BFB8C}.Debug|x64.ActiveCfg = Debug|Any CPU
		{1372D71A-2508-4208-8B80-10CE1A1BFB8C}.Debug|x64.Build.0 = Debug|Any CPU
		{1372D71A-2508-4208-8B80-10CE1A1BFB8C}.Debug|x86.ActiveCfg = Debug|Any CPU
		{1372D71A-2508-4208-8B80-10CE1A1BFB8C}.Debug|x86.Build.0 = Debug|Any CPU
		{1372D71A-2508-4208-8B80-10CE1A1BFB8C}.Release|Any CPU.ActiveCfg = Release|Any CPU
		{1372D71A-2508-4208-8B80-10CE1A1BFB8C}.Release|Any CPU.Build.0 = Release|Any CPU
		{1372D71A-2508-4208-8B80-10CE1A1BFB8C}.Release|x64.ActiveCfg = Release|Any CPU
		{1372D71A-2508-4208-8B80-10CE1A1BFB8C}.Release|x64.Build.0 = Release|Any CPU
		{1372D71A-2508-4208-8B80-10CE1A1BFB8C}.Release|x86.ActiveCfg = Release|Any CPU
		{1372D71A-2508-4208-8B80-10CE1A1BFB8C}.Release|x86.Build.0 = Release|Any CPU
		{2527684F-D37D-458C-8BAB-0E14ABA6581E}.Debug|Any CPU.ActiveCfg = Debug|Any CPU
		{2527684F-D37D-458C-8BAB-0E14ABA6581E}.Debug|Any CPU.Build.0 = Debug|Any CPU
		{2527684F-D37D-458C-8BAB-0E14ABA6581E}.Debug|x64.ActiveCfg = Debug|Any CPU
		{2527684F-D37D-458C-8BAB-0E14ABA6581E}.Debug|x64.Build.0 = Debug|Any CPU
		{2527684F-D37D-458C-8BAB-0E14ABA6581E}.Debug|x86.ActiveCfg = Debug|Any CPU
		{2527684F-D37D-458C-8BAB-0E14ABA6581E}.Debug|x86.Build.0 = Debug|Any CPU
		{2527684F-D37D-458C-8BAB-0E14ABA6581E}.Release|Any CPU.ActiveCfg = Release|Any CPU
		{2527684F-D37D-458C-8BAB-0E14ABA6581E}.Release|Any CPU.Build.0 = Release|Any CPU
		{2527684F-D37D-458C-8BAB-0E14ABA6581E}.Release|x64.ActiveCfg = Release|Any CPU
		{2527684F-D37D-458C-8BAB-0E14ABA6581E}.Release|x64.Build.0 = Release|Any CPU
		{2527684F-D37D-458C-8BAB-0E14ABA6581E}.Release|x86.ActiveCfg = Release|Any CPU
		{2527684F-D37D-458C-8BAB-0E14ABA6581E}.Release|x86.Build.0 = Release|Any CPU
		{990718DA-33D5-4BEA-8566-E90E558DCBC7}.Debug|Any CPU.ActiveCfg = Debug|Any CPU
		{990718DA-33D5-4BEA-8566-E90E558DCBC7}.Debug|Any CPU.Build.0 = Debug|Any CPU
		{990718DA-33D5-4BEA-8566-E90E558DCBC7}.Debug|x64.ActiveCfg = Debug|Any CPU
		{990718DA-33D5-4BEA-8566-E90E558DCBC7}.Debug|x64.Build.0 = Debug|Any CPU
		{990718DA-33D5-4BEA-8566-E90E558DCBC7}.Debug|x86.ActiveCfg = Debug|Any CPU
		{990718DA-33D5-4BEA-8566-E90E558DCBC7}.Debug|x86.Build.0 = Debug|Any CPU
		{990718DA-33D5-4BEA-8566-E90E558DCBC7}.Release|Any CPU.ActiveCfg = Release|Any CPU
		{990718DA-33D5-4BEA-8566-E90E558DCBC7}.Release|Any CPU.Build.0 = Release|Any CPU
		{990718DA-33D5-4BEA-8566-E90E558DCBC7}.Release|x64.ActiveCfg = Release|Any CPU
		{990718DA-33D5-4BEA-8566-E90E558DCBC7}.Release|x64.Build.0 = Release|Any CPU
		{990718DA-33D5-4BEA-8566-E90E558DCBC7}.Release|x86.ActiveCfg = Release|Any CPU
		{990718DA-33D5-4BEA-8566-E90E558DCBC7}.Release|x86.Build.0 = Release|Any CPU
		{5522B99A-0137-4FB6-9529-03D4A5F7F9CA}.Debug|Any CPU.ActiveCfg = Debug|Any CPU
		{5522B99A-0137-4FB6-9529-03D4A5F7F9CA}.Debug|Any CPU.Build.0 = Debug|Any CPU
		{5522B99A-0137-4FB6-9529-03D4A5F7F9CA}.Debug|x64.ActiveCfg = Debug|Any CPU
		{5522B99A-0137-4FB6-9529-03D4A5F7F9CA}.Debug|x64.Build.0 = Debug|Any CPU
		{5522B99A-0137-4FB6-9529-03D4A5F7F9CA}.Debug|x86.ActiveCfg = Debug|Any CPU
		{5522B99A-0137-4FB6-9529-03D4A5F7F9CA}.Debug|x86.Build.0 = Debug|Any CPU
		{5522B99A-0137-4FB6-9529-03D4A5F7F9CA}.Release|Any CPU.ActiveCfg = Release|Any CPU
		{5522B99A-0137-4FB6-9529-03D4A5F7F9CA}.Release|Any CPU.Build.0 = Release|Any CPU
		{5522B99A-0137-4FB6-9529-03D4A5F7F9CA}.Release|x64.ActiveCfg = Release|Any CPU
		{5522B99A-0137-4FB6-9529-03D4A5F7F9CA}.Release|x64.Build.0 = Release|Any CPU
		{5522B99A-0137-4FB6-9529-03D4A5F7F9CA}.Release|x86.ActiveCfg = Release|Any CPU
		{5522B99A-0137-4FB6-9529-03D4A5F7F9CA}.Release|x86.Build.0 = Release|Any CPU
	EndGlobalSection
	GlobalSection(SolutionProperties) = preSolution
		HideSolutionNode = FALSE
	EndGlobalSection
	GlobalSection(ExtensibilityGlobals) = postSolution
		SolutionGuid = {238885CF-377A-4A78-A752-058F7792120D}
	EndGlobalSection
EndGlobal
